
Microsoft Visual Studio Solution File, Format Version 12.00
# Visual Studio Version 17
VisualStudioVersion = 17.3.32819.101
MinimumVisualStudioVersion = 10.0.40219.1
Project("{FAE04EC0-301F-11D3-BF4B-00C04F79EFBC}") = "RegexCheckerApp", "RegexCheckerApp\RegexCheckerApp.csproj", "{27F393A7-CC27-4EF4-AF1F-4E847C73BB6F}"
EndProject
Global
	GlobalSection(SolutionConfigurationPlatforms) = preSolution
		Debug|Any CPU = Debug|Any CPU
		Release|Any CPU = Release|Any CPU
	EndGlobalSection
	GlobalSection(ProjectConfigurationPlatforms) = postSolution
		{27F393A7-CC27-4EF4-AF1F-4E847C73BB6F}.Debug|Any CPU.ActiveCfg = Debug|Any CPU
		{27F393A7-CC27-4EF4-AF1F-4E847C73BB6F}.Debug|Any CPU.Build.0 = Debug|Any CPU
		{27F393A7-CC27-4EF4-AF1F-4E847C73BB6F}.Release|Any CPU.ActiveCfg = Release|Any CPU
		{27F393A7-CC27-4EF4-AF1F-4E847C73BB6F}.Release|Any CPU.Build.0 = Release|Any CPU
	EndGlobalSection
	GlobalSection(SolutionProperties) = preSolution
		HideSolutionNode = FALSE
	EndGlobalSection
	GlobalSection(ExtensibilityGlobals) = postSolution
		SolutionGuid = {36511E94-4660-4C68-BCE2-226BB3F84D95}
	EndGlobalSection
EndGlobal
